
Microsoft Visual Studio Solution File, Format Version 12.00
# Visual Studio Version 16
VisualStudioVersion = 16.0.29326.143
MinimumVisualStudioVersion = 10.0.40219.1
Project("{FAE04EC0-301F-11D3-BF4B-00C04F79EFBC}") = "Final Project", "Final Project\Final Project.csproj", "{15A42FE0-8AC0-4103-8267-318AE8F43BC5}"
EndProject
Project("{FAE04EC0-301F-11D3-BF4B-00C04F79EFBC}") = "FinalProject.UnitTest", "FinalProject.UnitTest\FinalProject.UnitTest.csproj", "{C8448138-7B50-4B4D-80A8-FA9277928D11}"
EndProject
Global
	GlobalSection(SolutionConfigurationPlatforms) = preSolution
		Debug|Any CPU = Debug|Any CPU
		Release|Any CPU = Release|Any CPU
	EndGlobalSection
	GlobalSection(ProjectConfigurationPlatforms) = postSolution
		{15A42FE0-8AC0-4103-8267-318AE8F43BC5}.Debug|Any CPU.ActiveCfg = Debug|Any CPU
		{15A42FE0-8AC0-4103-8267-318AE8F43BC5}.Debug|Any CPU.Build.0 = Debug|Any CPU
		{15A42FE0-8AC0-4103-8267-318AE8F43BC5}.Release|Any CPU.ActiveCfg = Release|Any CPU
		{15A42FE0-8AC0-4103-8267-318AE8F43BC5}.Release|Any CPU.Build.0 = Release|Any CPU
		{C8448138-7B50-4B4D-80A8-FA9277928D11}.Debug|Any CPU.ActiveCfg = Debug|Any CPU
		{C8448138-7B50-4B4D-80A8-FA9277928D11}.Debug|Any CPU.Build.0 = Debug|Any CPU
		{C8448138-7B50-4B4D-80A8-FA9277928D11}.Release|Any CPU.ActiveCfg = Release|Any CPU
		{C8448138-7B50-4B4D-80A8-FA9277928D11}.Release|Any CPU.Build.0 = Release|Any CPU
	EndGlobalSection
	GlobalSection(SolutionProperties) = preSolution
		HideSolutionNode = FALSE
	EndGlobalSection
	GlobalSection(ExtensibilityGlobals) = postSolution
		SolutionGuid = {8E488CDC-2C37-4E18-9756-EE64097D2301}
	EndGlobalSection
EndGlobal
